
Microsoft Visual Studio Solution File, Format Version 12.00
# Visual Studio Version 17
VisualStudioVersion = 17.14.36616.10 d17.14
MinimumVisualStudioVersion = 10.0.40219.1
Project("{FAE04EC0-301F-11D3-BF4B-00C04F79EFBC}") = "ITDCA Activity", "ITDCA Activity\ITDCA Activity.csproj", "{30F8D53C-D06B-43AA-90BE-5D7368C03D53}"
EndProject
Global
	GlobalSection(SolutionConfigurationPlatforms) = preSolution
		Debug|Any CPU = Debug|Any CPU
		Release|Any CPU = Release|Any CPU
	EndGlobalSection
	GlobalSection(ProjectConfigurationPlatforms) = postSolution
		{30F8D53C-D06B-43AA-90BE-5D7368C03D53}.Debug|Any CPU.ActiveCfg = Debug|Any CPU
		{30F8D53C-D06B-43AA-90BE-5D7368C03D53}.Debug|Any CPU.Build.0 = Debug|Any CPU
		{30F8D53C-D06B-43AA-90BE-5D7368C03D53}.Release|Any CPU.ActiveCfg = Release|Any CPU
		{30F8D53C-D06B-43AA-90BE-5D7368C03D53}.Release|Any CPU.Build.0 = Release|Any CPU
	EndGlobalSection
	GlobalSection(SolutionProperties) = preSolution
		HideSolutionNode = FALSE
	EndGlobalSection
	GlobalSection(ExtensibilityGlobals) = postSolution
		SolutionGuid = {0F43AD13-4D30-41E4-ABE5-5B92A64175F9}
	EndGlobalSection
EndGlobal
